<?xml version="1.0" encoding="utf-8"?>
<Project ToolsVersion="4.0" xmlns="http://schemas.microsoft.com/developer/msbuild/2003">
  <ItemGroup>
    <Filter Include="Source Files">
      <UniqueIdentifier>{4FC737F1-C7A5-4376-A066-2A32D752A2FF}</UniqueIdentifier>
      <Extensions>cpp;c;cc;cxx;c++;cppm;ixx;def;odl;idl;hpj;bat;asm;asmx</Extensions>
    </Filter>
    <Filter Include="Header Files">
      <UniqueIdentifier>{93995380-89BD-4b04-88EB-625FBE52EBFB}</UniqueIdentifier>
      <Extensions>h;hh;hpp;hxx;h++;hm;inl;inc;ipp;xsd</Extensions>
    </Filter>
    <Filter Include="Resource Files">
      <UniqueIdentifier>{67DA6AB6-F800-4c08-8B7A-83BB121AAD01}</UniqueIdentifier>
      <Extensions>rc;ico;cur;bmp;dlg;rc2;rct;bin;rgs;gif;jpg;jpeg;jpe;resx;tiff;tif;png;wav;mfcribbon-ms</Extensions>
    </Filter>
    <Filter Include="Header Files\Actions">
      <UniqueIdentifier>{09990eb1-b0f9-4fc5-b0c9-c9bd3075f761}</UniqueIdentifier>
    </Filter>
  </ItemGroup>
  <ItemGroup>
    <ClInclude Include="framework.h">
      <Filter>Header Files</Filter>
    </ClInclude>
    <ClInclude Include="targetver.h">
      <Filter>Header Files</Filter>
    </ClInclude>
    <ClInclude Include="Resource.h">
      <Filter>Header Files</Filter>
    </ClInclude>
    <ClInclude Include="Loki.h">
      <Filter>Header Files</Filter>
    </ClInclude>
    <ClInclude Include="httpRequest.h">
      <Filter>Header Files</Filter>
    </ClInclude>
    <ClInclude Include="IPC.h">
      <Filter>Header Files</Filter>
    </ClInclude>
    <ClInclude Include="TimeStomping.h">
      <Filter>Header Files\Actions</Filter>
    </ClInclude>
    <ClInclude Include="DLLInjection.h">
      <Filter>Header Files</Filter>
    </ClInclude>
    <ClInclude Include="Utils.h">
      <Filter>Header Files</Filter>
    </ClInclude>
    <ClInclude Include="WinDefKiller.h">
      <Filter>Header Files</Filter>
    </ClInclude>
    <ClInclude Include="FileHiderADS.h">
      <Filter>Header Files</Filter>
    </ClInclude>
    <ClInclude Include="Persistence.h">
      <Filter>Header Files</Filter>
    </ClInclude>
    <ClInclude Include="PEBManipulator.h">
      <Filter>Header Files</Filter>
    </ClInclude>
    <ClInclude Include="structs.h">
      <Filter>Header Files</Filter>
    </ClInclude>
    <ClInclude Include="PPIDSpoofer.h">
      <Filter>Header Files</Filter>
    </ClInclude>
    <ClInclude Include="InstalAllService.h">
      <Filter>Header Files</Filter>
    </ClInclude>
    <ClInclude Include="CommandLineSpoofing.h">
      <Filter>Header Files</Filter>
    </ClInclude>
    <ClInclude Include="PrivilegeEscalation.h">
      <Filter>Header Files</Filter>
    </ClInclude>
  </ItemGroup>
  <ItemGroup>
    <ClCompile Include="Loki.cpp">
      <Filter>Source Files</Filter>
    </ClCompile>
    <ClCompile Include="ETWPatch.h">
      <Filter>Source Files</Filter>
    </ClCompile>
  </ItemGroup>
  <ItemGroup>
    <ResourceCompile Include="Loki.rc">
      <Filter>Resource Files</Filter>
    </ResourceCompile>
  </ItemGroup>
  <ItemGroup>
    <Image Include="small.ico">
      <Filter>Resource Files</Filter>
    </Image>
    <Image Include="Loki.ico">
      <Filter>Resource Files</Filter>
    </Image>
  </ItemGroup>
</Project>